
Microsoft Visual Studio Solution File, Format Version 12.00
# Visual Studio Version 17
VisualStudioVersion = 17.13.35919.96 d17.13
MinimumVisualStudioVersion = 10.0.40219.1
Project("{FAE04EC0-301F-11D3-BF4B-00C04F79EFBC}") = "GestionVentas", "GestionVentas.csproj", "{94F0CD11-9275-4DEA-B67A-3EF485B07106}"
EndProject
Global
	GlobalSection(SolutionConfigurationPlatforms) = preSolution
		Debug|Any CPU = Debug|Any CPU
		Release|Any CPU = Release|Any CPU
	EndGlobalSection
	GlobalSection(ProjectConfigurationPlatforms) = postSolution
		{94F0CD11-9275-4DEA-B67A-3EF485B07106}.Debug|Any CPU.ActiveCfg = Debug|Any CPU
		{94F0CD11-9275-4DEA-B67A-3EF485B07106}.Debug|Any CPU.Build.0 = Debug|Any CPU
		{94F0CD11-9275-4DEA-B67A-3EF485B07106}.Release|Any CPU.ActiveCfg = Release|Any CPU
		{94F0CD11-9275-4DEA-B67A-3EF485B07106}.Release|Any CPU.Build.0 = Release|Any CPU
	EndGlobalSection
	GlobalSection(SolutionProperties) = preSolution
		HideSolutionNode = FALSE
	EndGlobalSection
	GlobalSection(ExtensibilityGlobals) = postSolution
		SolutionGuid = {06EFBFB3-F265-4A72-AACF-58C09E78E3CA}
	EndGlobalSection
EndGlobal
